
Microsoft Visual Studio Solution File, Format Version 12.00
# Visual Studio 14
VisualStudioVersion = 14.0.25123.0
MinimumVisualStudioVersion = 10.0.40219.1
Project("{2150E333-8FDC-42A3-9474-1A3956D46DE8}") = "src", "src", "{BC33B627-F20B-4CFE-8F5F-D2087DD4693A}"
EndProject
Project("{2150E333-8FDC-42A3-9474-1A3956D46DE8}") = "Solution Items", "Solution Items", "{66AB89F9-53F8-4455-B9CC-841552C93CD5}"
	ProjectSection(SolutionItems) = preProject
		global.json = global.json
	EndProjectSection
EndProject
Project("{8BB2217D-0F2D-49D1-97BC-3654ED321F3B}") = "WebFor.Core", "src\WebFor.Core\WebFor.Core.xproj", "{19D59DD9-1914-4CD6-8FBD-DD17F5C95AE1}"
EndProject
Project("{8BB2217D-0F2D-49D1-97BC-3654ED321F3B}") = "WebFor.Infrastructure", "src\WebFor.Infrastructure\WebFor.Infrastructure.xproj", "{280B4AC9-9385-49E2-B595-F039D78A7F02}"
EndProject
Project("{8BB2217D-0F2D-49D1-97BC-3654ED321F3B}") = "WebFor.DependencyInjection", "src\WebFor.DependencyInjection\WebFor.DependencyInjection.xproj", "{CA4780A0-5275-4C72-93C8-4EA4D7C9A68D}"
EndProject
Project("{8BB2217D-0F2D-49D1-97BC-3654ED321F3B}") = "WebFor.Web", "src\WebFor.Web\WebFor.Web.xproj", "{05D5D33E-D84A-4D57-8919-D0EF360B5552}"
EndProject
Project("{8BB2217D-0F2D-49D1-97BC-3654ED321F3B}") = "WebFor.Tests", "src\WebFor.Tests\WebFor.Tests.xproj", "{E4E92B71-3EE2-4888-B652-4E1442D8ADF6}"
EndProject
Global
	GlobalSection(SolutionConfigurationPlatforms) = preSolution
		Debug|Any CPU = Debug|Any CPU
		Release|Any CPU = Release|Any CPU
	EndGlobalSection
	GlobalSection(ProjectConfigurationPlatforms) = postSolution
		{19D59DD9-1914-4CD6-8FBD-DD17F5C95AE1}.Debug|Any CPU.ActiveCfg = Debug|Any CPU
		{19D59DD9-1914-4CD6-8FBD-DD17F5C95AE1}.Debug|Any CPU.Build.0 = Debug|Any CPU
		{19D59DD9-1914-4CD6-8FBD-DD17F5C95AE1}.Release|Any CPU.ActiveCfg = Release|Any CPU
		{19D59DD9-1914-4CD6-8FBD-DD17F5C95AE1}.Release|Any CPU.Build.0 = Release|Any CPU
		{280B4AC9-9385-49E2-B595-F039D78A7F02}.Debug|Any CPU.ActiveCfg = Debug|Any CPU
		{280B4AC9-9385-49E2-B595-F039D78A7F02}.Debug|Any CPU.Build.0 = Debug|Any CPU
		{280B4AC9-9385-49E2-B595-F039D78A7F02}.Release|Any CPU.ActiveCfg = Release|Any CPU
		{280B4AC9-9385-49E2-B595-F039D78A7F02}.Release|Any CPU.Build.0 = Release|Any CPU
		{CA4780A0-5275-4C72-93C8-4EA4D7C9A68D}.Debug|Any CPU.ActiveCfg = Debug|Any CPU
		{CA4780A0-5275-4C72-93C8-4EA4D7C9A68D}.Debug|Any CPU.Build.0 = Debug|Any CPU
		{CA4780A0-5275-4C72-93C8-4EA4D7C9A68D}.Release|Any CPU.ActiveCfg = Release|Any CPU
		{CA4780A0-5275-4C72-93C8-4EA4D7C9A68D}.Release|Any CPU.Build.0 = Release|Any CPU
		{05D5D33E-D84A-4D57-8919-D0EF360B5552}.Debug|Any CPU.ActiveCfg = Debug|Any CPU
		{05D5D33E-D84A-4D57-8919-D0EF360B5552}.Debug|Any CPU.Build.0 = Debug|Any CPU
		{05D5D33E-D84A-4D57-8919-D0EF360B5552}.Release|Any CPU.ActiveCfg = Release|Any CPU
		{05D5D33E-D84A-4D57-8919-D0EF360B5552}.Release|Any CPU.Build.0 = Release|Any CPU
		{E4E92B71-3EE2-4888-B652-4E1442D8ADF6}.Debug|Any CPU.ActiveCfg = Debug|Any CPU
		{E4E92B71-3EE2-4888-B652-4E1442D8ADF6}.Debug|Any CPU.Build.0 = Debug|Any CPU
		{E4E92B71-3EE2-4888-B652-4E1442D8ADF6}.Release|Any CPU.ActiveCfg = Release|Any CPU
		{E4E92B71-3EE2-4888-B652-4E1442D8ADF6}.Release|Any CPU.Build.0 = Release|Any CPU
	EndGlobalSection
	GlobalSection(SolutionProperties) = preSolution
		HideSolutionNode = FALSE
	EndGlobalSection
	GlobalSection(NestedProjects) = preSolution
		{19D59DD9-1914-4CD6-8FBD-DD17F5C95AE1} = {BC33B627-F20B-4CFE-8F5F-D2087DD4693A}
		{280B4AC9-9385-49E2-B595-F039D78A7F02} = {BC33B627-F20B-4CFE-8F5F-D2087DD4693A}
		{CA4780A0-5275-4C72-93C8-4EA4D7C9A68D} = {BC33B627-F20B-4CFE-8F5F-D2087DD4693A}
		{05D5D33E-D84A-4D57-8919-D0EF360B5552} = {BC33B627-F20B-4CFE-8F5F-D2087DD4693A}
		{E4E92B71-3EE2-4888-B652-4E1442D8ADF6} = {BC33B627-F20B-4CFE-8F5F-D2087DD4693A}
	EndGlobalSection
	GlobalSection(TeamFoundationVersionControl) = preSolution
		SccNumberOfProjects = 6
		SccEnterpriseProvider = {4CA58AB2-18FA-4F8D-95D4-32DDF27D184C}
		SccTeamFoundationServer = https://xellarixtfs.visualstudio.com/defaultcollection
		SccLocalPath0 = .
		SccProjectUniqueName1 = src\\WebFor.Core\\WebFor.Core.xproj
		SccProjectTopLevelParentUniqueName1 = WebFor.sln
		SccProjectName1 = src/WebFor.Core
		SccLocalPath1 = src\\WebFor.Core
		SccProjectUniqueName2 = src\\WebFor.Infrastructure\\WebFor.Infrastructure.xproj
		SccProjectTopLevelParentUniqueName2 = WebFor.sln
		SccProjectName2 = src/WebFor.Infrastructure
		SccLocalPath2 = src\\WebFor.Infrastructure
		SccProjectUniqueName3 = src\\WebFor.DependencyInjection\\WebFor.DependencyInjection.xproj
		SccProjectTopLevelParentUniqueName3 = WebFor.sln
		SccProjectName3 = src/WebFor.DependencyInjection
		SccLocalPath3 = src\\WebFor.DependencyInjection
		SccProjectUniqueName4 = src\\WebFor.Web\\WebFor.Web.xproj
		SccProjectTopLevelParentUniqueName4 = WebFor.sln
		SccProjectName4 = src/WebFor.Web
		SccLocalPath4 = src\\WebFor.Web
		SccProjectUniqueName5 = src\\WebFor.Tests\\WebFor.Tests.xproj
		SccProjectTopLevelParentUniqueName5 = WebFor.sln
		SccProjectName5 = src/WebFor.Tests
		SccLocalPath5 = src\\WebFor.Tests
	EndGlobalSection
EndGlobal
